
Microsoft Visual Studio Solution File, Format Version 12.00
# Visual Studio Version 17
VisualStudioVersion = 17.5.001.0
MinimumVisualStudioVersion = 10.0.40219.1
Project("{9A19103F-16F7-4668-BE54-9A1E7A4F7556}") = "classlibrarytemplate", "classlibrarytemplate.csproj", "{89E70268-DBEC-401A-A0F3-A500796F303B}"
EndProject
Global
	GlobalSection(SolutionConfigurationPlatforms) = preSolution
		Debug|Any CPU = Debug|Any CPU
		Release|Any CPU = Release|Any CPU
	EndGlobalSection
	GlobalSection(ProjectConfigurationPlatforms) = postSolution
		{89E70268-DBEC-401A-A0F3-A500796F303B}.Debug|Any CPU.ActiveCfg = Debug|Any CPU
		{89E70268-DBEC-401A-A0F3-A500796F303B}.Debug|Any CPU.Build.0 = Debug|Any CPU
		{89E70268-DBEC-401A-A0F3-A500796F303B}.Release|Any CPU.ActiveCfg = Release|Any CPU
		{89E70268-DBEC-401A-A0F3-A500796F303B}.Release|Any CPU.Build.0 = Release|Any CPU
	EndGlobalSection
	GlobalSection(SolutionProperties) = preSolution
		HideSolutionNode = FALSE
	EndGlobalSection
	GlobalSection(ExtensibilityGlobals) = postSolution
		SolutionGuid = {7C5C3932-9F63-4EDA-8FDE-F7E3031660A3}
	EndGlobalSection
EndGlobal
